// !$*UTF8*$!
{
	archiveVersion = 1;
	classes = {
	};
	objectVersion = 48;
	objects = {

/* Begin PBXBuildFile section */
		E43C5A541FDC35CC00DF5863 /* OutcomesView.swift in Sources */ = {isa = PBXBuildFile; fileRef = E43C5A531FDC35CC00DF5863 /* OutcomesView.swift */; };
		E43C5A561FDC388A00DF5863 /* NewOutcome.swift in Sources */ = {isa = PBXBuildFile; fileRef = E43C5A551FDC388A00DF5863 /* NewOutcome.swift */; };
		E45C8EAE1FD93EB600B6DC5E /* ManagePlanner.swift in Sources */ = {isa = PBXBuildFile; fileRef = E45C8EAD1FD93EB600B6DC5E /* ManagePlanner.swift */; };
		E45C8EB01FDB481800B6DC5E /* IncomesView.swift in Sources */ = {isa = PBXBuildFile; fileRef = E45C8EAF1FDB481800B6DC5E /* IncomesView.swift */; };
		E45C8EB21FDB4AF400B6DC5E /* customCell.swift in Sources */ = {isa = PBXBuildFile; fileRef = E45C8EB11FDB4AF400B6DC5E /* customCell.swift */; };
		E45C8EB41FDB508100B6DC5E /* NewIncome.swift in Sources */ = {isa = PBXBuildFile; fileRef = E45C8EB31FDB508100B6DC5E /* NewIncome.swift */; };
		E4D7B9671FD8809600C6DDE4 /* AppDelegate.swift in Sources */ = {isa = PBXBuildFile; fileRef = E4D7B9661FD8809600C6DDE4 /* AppDelegate.swift */; };
		E4D7B9691FD8809600C6DDE4 /* ViewController.swift in Sources */ = {isa = PBXBuildFile; fileRef = E4D7B9681FD8809600C6DDE4 /* ViewController.swift */; };
		E4D7B96C1FD8809600C6DDE4 /* Main.storyboard in Resources */ = {isa = PBXBuildFile; fileRef = E4D7B96A1FD8809600C6DDE4 /* Main.storyboard */; };
		E4D7B96F1FD8809600C6DDE4 /* Finance_Planner.xcdatamodeld in Sources */ = {isa = PBXBuildFile; fileRef = E4D7B96D1FD8809600C6DDE4 /* Finance_Planner.xcdatamodeld */; };
		E4D7B9711FD8809600C6DDE4 /* Assets.xcassets in Resources */ = {isa = PBXBuildFile; fileRef = E4D7B9701FD8809600C6DDE4 /* Assets.xcassets */; };
		E4D7B9741FD8809600C6DDE4 /* LaunchScreen.storyboard in Resources */ = {isa = PBXBuildFile; fileRef = E4D7B9721FD8809600C6DDE4 /* LaunchScreen.storyboard */; };
		E4D7B97F1FD8809600C6DDE4 /* Finance_PlannerTests.swift in Sources */ = {isa = PBXBuildFile; fileRef = E4D7B97E1FD8809600C6DDE4 /* Finance_PlannerTests.swift */; };
		E4D7B98A1FD8809600C6DDE4 /* Finance_PlannerUITests.swift in Sources */ = {isa = PBXBuildFile; fileRef = E4D7B9891FD8809600C6DDE4 /* Finance_PlannerUITests.swift */; };
/* End PBXBuildFile section */

/* Begin PBXContainerItemProxy section */
		E4D7B97B1FD8809600C6DDE4 /* PBXContainerItemProxy */ = {
			isa = PBXContainerItemProxy;
			containerPortal = E4D7B95B1FD8809600C6DDE4 /* Project object */;
			proxyType = 1;
			remoteGlobalIDString = E4D7B9621FD8809600C6DDE4;
			remoteInfo = "Finance Planner";
		};
		E4D7B9861FD8809600C6DDE4 /* PBXContainerItemProxy */ = {
			isa = PBXContainerItemProxy;
			containerPortal = E4D7B95B1FD8809600C6DDE4 /* Project object */;
			proxyType = 1;
			remoteGlobalIDString = E4D7B9621FD8809600C6DDE4;
			remoteInfo = "Finance Planner";
		};
/* End PBXContainerItemProxy section */

/* Begin PBXFileReference section */
		E43C5A4F1FDC34DC00DF5863 /* Finance Planner-Bridging-Header.h */ = {isa = PBXFileReference; lastKnownFileType = sourcecode.c.h; path = "Finance Planner-Bridging-Header.h"; sourceTree = "<group>"; };
		E43C5A531FDC35CC00DF5863 /* OutcomesView.swift */ = {isa = PBXFileReference; lastKnownFileType = sourcecode.swift; path = OutcomesView.swift; sourceTree = "<group>"; };
		E43C5A551FDC388A00DF5863 /* NewOutcome.swift */ = {isa = PBXFileReference; lastKnownFileType = sourcecode.swift; path = NewOutcome.swift; sourceTree = "<group>"; };
		E45C8EAD1FD93EB600B6DC5E /* ManagePlanner.swift */ = {isa = PBXFileReference; lastKnownFileType = sourcecode.swift; path = ManagePlanner.swift; sourceTree = "<group>"; };
		E45C8EAF1FDB481800B6DC5E /* IncomesView.swift */ = {isa = PBXFileReference; lastKnownFileType = sourcecode.swift; path = IncomesView.swift; sourceTree = "<group>"; };
		E45C8EB11FDB4AF400B6DC5E /* customCell.swift */ = {isa = PBXFileReference; lastKnownFileType = sourcecode.swift; path = customCell.swift; sourceTree = "<group>"; };
		E45C8EB31FDB508100B6DC5E /* NewIncome.swift */ = {isa = PBXFileReference; lastKnownFileType = sourcecode.swift; path = NewIncome.swift; sourceTree = "<group>"; };
		E4D7B9631FD8809600C6DDE4 /* Finance Planner.app */ = {isa = PBXFileReference; explicitFileType = wrapper.application; includeInIndex = 0; path = "Finance Planner.app"; sourceTree = BUILT_PRODUCTS_DIR; };
		E4D7B9661FD8809600C6DDE4 /* AppDelegate.swift */ = {isa = PBXFileReference; lastKnownFileType = sourcecode.swift; path = AppDelegate.swift; sourceTree = "<group>"; };
		E4D7B9681FD8809600C6DDE4 /* ViewController.swift */ = {isa = PBXFileReference; lastKnownFileType = sourcecode.swift; path = ViewController.swift; sourceTree = "<group>"; };
		E4D7B96B1FD8809600C6DDE4 /* Base */ = {isa = PBXFileReference; lastKnownFileType = file.storyboard; name = Base; path = Base.lproj/Main.storyboard; sourceTree = "<group>"; };
		E4D7B96E1FD8809600C6DDE4 /* Finance_Planner.xcdatamodel */ = {isa = PBXFileReference; lastKnownFileType = wrapper.xcdatamodel; path = Finance_Planner.xcdatamodel; sourceTree = "<group>"; };
		E4D7B9701FD8809600C6DDE4 /* Assets.xcassets */ = {isa = PBXFileReference; lastKnownFileType = folder.assetcatalog; path = Assets.xcassets; sourceTree = "<group>"; };
		E4D7B9731FD8809600C6DDE4 /* Base */ = {isa = PBXFileReference; lastKnownFileType = file.storyboard; name = Base; path = Base.lproj/LaunchScreen.storyboard; sourceTree = "<group>"; };
		E4D7B9751FD8809600C6DDE4 /* Info.plist */ = {isa = PBXFileReference; lastKnownFileType = text.plist.xml; path = Info.plist; sourceTree = "<group>"; };
		E4D7B97A1FD8809600C6DDE4 /* Finance PlannerTests.xctest */ = {isa = PBXFileReference; explicitFileType = wrapper.cfbundle; includeInIndex = 0; path = "Finance PlannerTests.xctest"; sourceTree = BUILT_PRODUCTS_DIR; };
		E4D7B97E1FD8809600C6DDE4 /* Finance_PlannerTests.swift */ = {isa = PBXFileReference; lastKnownFileType = sourcecode.swift; path = Finance_PlannerTests.swift; sourceTree = "<group>"; };
		E4D7B9801FD8809600C6DDE4 /* Info.plist */ = {isa = PBXFileReference; lastKnownFileType = text.plist.xml; path = Info.plist; sourceTree = "<group>"; };
		E4D7B9851FD8809600C6DDE4 /* Finance PlannerUITests.xctest */ = {isa = PBXFileReference; explicitFileType = wrapper.cfbundle; includeInIndex = 0; path = "Finance PlannerUITests.xctest"; sourceTree = BUILT_PRODUCTS_DIR; };
		E4D7B9891FD8809600C6DDE4 /* Finance_PlannerUITests.swift */ = {isa = PBXFileReference; lastKnownFileType = sourcecode.swift; path = Finance_PlannerUITests.swift; sourceTree = "<group>"; };
		E4D7B98B1FD8809600C6DDE4 /* Info.plist */ = {isa = PBXFileReference; lastKnownFileType = text.plist.xml; path = Info.plist; sourceTree = "<group>"; };
/* End PBXFileReference section */

/* Begin PBXFrameworksBuildPhase section */
		E4D7B9601FD8809600C6DDE4 /* Frameworks */ = {
			isa = PBXFrameworksBuildPhase;
			buildActionMask = 2147483647;
			files = (
			);
			runOnlyForDeploymentPostprocessing = 0;
		};
		E4D7B9771FD8809600C6DDE4 /* Frameworks */ = {
			isa = PBXFrameworksBuildPhase;
			buildActionMask = 2147483647;
			files = (
			);
			runOnlyForDeploymentPostprocessing = 0;
		};
		E4D7B9821FD8809600C6DDE4 /* Frameworks */ = {
			isa = PBXFrameworksBuildPhase;
			buildActionMask = 2147483647;
			files = (
			);
			runOnlyForDeploymentPostprocessing = 0;
		};
/* End PBXFrameworksBuildPhase section */

/* Begin PBXGroup section */
		E4D7B95A1FD8809600C6DDE4 = {
			isa = PBXGroup;
			children = (
				E4D7B9651FD8809600C6DDE4 /* Finance Planner */,
				E4D7B97D1FD8809600C6DDE4 /* Finance PlannerTests */,
				E4D7B9881FD8809600C6DDE4 /* Finance PlannerUITests */,
				E4D7B9641FD8809600C6DDE4 /* Products */,
			);
			sourceTree = "<group>";
		};
		E4D7B9641FD8809600C6DDE4 /* Products */ = {
			isa = PBXGroup;
			children = (
				E4D7B9631FD8809600C6DDE4 /* Finance Planner.app */,
				E4D7B97A1FD8809600C6DDE4 /* Finance PlannerTests.xctest */,
				E4D7B9851FD8809600C6DDE4 /* Finance PlannerUITests.xctest */,
			);
			name = Products;
			sourceTree = "<group>";
		};
		E4D7B9651FD8809600C6DDE4 /* Finance Planner */ = {
			isa = PBXGroup;
			children = (
				E4D7B9661FD8809600C6DDE4 /* AppDelegate.swift */,
				E4D7B9681FD8809600C6DDE4 /* ViewController.swift */,
				E45C8EAD1FD93EB600B6DC5E /* ManagePlanner.swift */,
				E45C8EAF1FDB481800B6DC5E /* IncomesView.swift */,
				E45C8EB31FDB508100B6DC5E /* NewIncome.swift */,
				E45C8EB11FDB4AF400B6DC5E /* customCell.swift */,
				E43C5A531FDC35CC00DF5863 /* OutcomesView.swift */,
				E43C5A551FDC388A00DF5863 /* NewOutcome.swift */,
				E4D7B96A1FD8809600C6DDE4 /* Main.storyboard */,
				E4D7B9701FD8809600C6DDE4 /* Assets.xcassets */,
				E4D7B9721FD8809600C6DDE4 /* LaunchScreen.storyboard */,
				E4D7B9751FD8809600C6DDE4 /* Info.plist */,
				E4D7B96D1FD8809600C6DDE4 /* Finance_Planner.xcdatamodeld */,
				E43C5A4F1FDC34DC00DF5863 /* Finance Planner-Bridging-Header.h */,
			);
			path = "Finance Planner";
			sourceTree = "<group>";
		};
		E4D7B97D1FD8809600C6DDE4 /* Finance PlannerTests */ = {
			isa = PBXGroup;
			children = (
				E4D7B97E1FD8809600C6DDE4 /* Finance_PlannerTests.swift */,
				E4D7B9801FD8809600C6DDE4 /* Info.plist */,
			);
			path = "Finance PlannerTests";
			sourceTree = "<group>";
		};
		E4D7B9881FD8809600C6DDE4 /* Finance PlannerUITests */ = {
			isa = PBXGroup;
			children = (
				E4D7B9891FD8809600C6DDE4 /* Finance_PlannerUITests.swift */,
				E4D7B98B1FD8809600C6DDE4 /* Info.plist */,
			);
			path = "Finance PlannerUITests";
			sourceTree = "<group>";
		};
/* End PBXGroup section */

/* Begin PBXNativeTarget section */
		E4D7B9621FD8809600C6DDE4 /* Finance Planner */ = {
			isa = PBXNativeTarget;
			buildConfigurationList = E4D7B98E1FD8809600C6DDE4 /* Build configuration list for PBXNativeTarget "Finance Planner" */;
			buildPhases = (
				E4D7B95F1FD8809600C6DDE4 /* Sources */,
				E4D7B9601FD8809600C6DDE4 /* Frameworks */,
				E4D7B9611FD8809600C6DDE4 /* Resources */,
			);
			buildRules = (
			);
			dependencies = (
			);
			name = "Finance Planner";
			productName = "Finance Planner";
			productReference = E4D7B9631FD8809600C6DDE4 /* Finance Planner.app */;
			productType = "com.apple.product-type.application";
		};
		E4D7B9791FD8809600C6DDE4 /* Finance PlannerTests */ = {
			isa = PBXNativeTarget;
			buildConfigurationList = E4D7B9911FD8809600C6DDE4 /* Build configuration list for PBXNativeTarget "Finance PlannerTests" */;
			buildPhases = (
				E4D7B9761FD8809600C6DDE4 /* Sources */,
				E4D7B9771FD8809600C6DDE4 /* Frameworks */,
				E4D7B9781FD8809600C6DDE4 /* Resources */,
			);
			buildRules = (
			);
			dependencies = (
				E4D7B97C1FD8809600C6DDE4 /* PBXTargetDependency */,
			);
			name = "Finance PlannerTests";
			productName = "Finance PlannerTests";
			productReference = E4D7B97A1FD8809600C6DDE4 /* Finance PlannerTests.xctest */;
			productType = "com.apple.product-type.bundle.unit-test";
		};
		E4D7B9841FD8809600C6DDE4 /* Finance PlannerUITests */ = {
			isa = PBXNativeTarget;
			buildConfigurationList = E4D7B9941FD8809600C6DDE4 /* Build configuration list for PBXNativeTarget "Finance PlannerUITests" */;
			buildPhases = (
				E4D7B9811FD8809600C6DDE4 /* Sources */,
				E4D7B9821FD8809600C6DDE4 /* Frameworks */,
				E4D7B9831FD8809600C6DDE4 /* Resources */,
			);
			buildRules = (
			);
			dependencies = (
				E4D7B9871FD8809600C6DDE4 /* PBXTargetDependency */,
			);
			name = "Finance PlannerUITests";
			productName = "Finance PlannerUITests";
			productReference = E4D7B9851FD8809600C6DDE4 /* Finance PlannerUITests.xctest */;
			productType = "com.apple.product-type.bundle.ui-testing";
		};
/* End PBXNativeTarget section */

/* Begin PBXProject section */
		E4D7B95B1FD8809600C6DDE4 /* Project object */ = {
			isa = PBXProject;
			attributes = {
				LastSwiftUpdateCheck = 0910;
				LastUpgradeCheck = 0910;
				ORGANIZATIONNAME = "Valentin Witzeneder";
				TargetAttributes = {
					E4D7B9621FD8809600C6DDE4 = {
						CreatedOnToolsVersion = 9.1;
						LastSwiftMigration = 0920;
						ProvisioningStyle = Automatic;
					};
					E4D7B9791FD8809600C6DDE4 = {
						CreatedOnToolsVersion = 9.1;
						ProvisioningStyle = Automatic;
						TestTargetID = E4D7B9621FD8809600C6DDE4;
					};
					E4D7B9841FD8809600C6DDE4 = {
						CreatedOnToolsVersion = 9.1;
						ProvisioningStyle = Automatic;
						TestTargetID = E4D7B9621FD8809600C6DDE4;
					};
				};
			};
			buildConfigurationList = E4D7B95E1FD8809600C6DDE4 /* Build configuration list for PBXProject "Finance Planner" */;
			compatibilityVersion = "Xcode 8.0";
			developmentRegion = en;
			hasScannedForEncodings = 0;
			knownRegions = (
				en,
				Base,
			);
			mainGroup = E4D7B95A1FD8809600C6DDE4;
			productRefGroup = E4D7B9641FD8809600C6DDE4 /* Products */;
			projectDirPath = "";
			projectRoot = "";
			targets = (
				E4D7B9621FD8809600C6DDE4 /* Finance Planner */,
				E4D7B9791FD8809600C6DDE4 /* Finance PlannerTests */,
				E4D7B9841FD8809600C6DDE4 /* Finance PlannerUITests */,
			);
		};
/* End PBXProject section */

/* Begin PBXResourcesBuildPhase section */
		E4D7B9611FD8809600C6DDE4 /* Resources */ = {
			isa = PBXResourcesBuildPhase;
			buildActionMask = 2147483647;
			files = (
				E4D7B9741FD8809600C6DDE4 /* LaunchScreen.storyboard in Resources */,
				E4D7B9711FD8809600C6DDE4 /* Assets.xcassets in Resources */,
				E4D7B96C1FD8809600C6DDE4 /* Main.storyboard in Resources */,
			);
			runOnlyForDeploymentPostprocessing = 0;
		};
		E4D7B9781FD8809600C6DDE4 /* Resources */ = {
			isa = PBXResourcesBuildPhase;
			buildActionMask = 2147483647;
			files = (
			);
			runOnlyForDeploymentPostprocessing = 0;
		};
		E4D7B9831FD8809600C6DDE4 /* Resources */ = {
			isa = PBXResourcesBuildPhase;
			buildActionMask = 2147483647;
			files = (
			);
			runOnlyForDeploymentPostprocessing = 0;
		};
/* End PBXResourcesBuildPhase section */

/* Begin PBXSourcesBuildPhase section */
		E4D7B95F1FD8809600C6DDE4 /* Sources */ = {
			isa = PBXSourcesBuildPhase;
			buildActionMask = 2147483647;
			files = (
				E45C8EB41FDB508100B6DC5E /* NewIncome.swift in Sources */,
				E4D7B96F1FD8809600C6DDE4 /* Finance_Planner.xcdatamodeld in Sources */,
				E45C8EB01FDB481800B6DC5E /* IncomesView.swift in Sources */,
				E45C8EB21FDB4AF400B6DC5E /* customCell.swift in Sources */,
				E4D7B9691FD8809600C6DDE4 /* ViewController.swift in Sources */,
				E4D7B9671FD8809600C6DDE4 /* AppDelegate.swift in Sources */,
				E45C8EAE1FD93EB600B6DC5E /* ManagePlanner.swift in Sources */,
				E43C5A561FDC388A00DF5863 /* NewOutcome.swift in Sources */,
				E43C5A541FDC35CC00DF5863 /* OutcomesView.swift in Sources */,
			);
			runOnlyForDeploymentPostprocessing = 0;
		};
		E4D7B9761FD8809600C6DDE4 /* Sources */ = {
			isa = PBXSourcesBuildPhase;
			buildActionMask = 2147483647;
			files = (
				E4D7B97F1FD8809600C6DDE4 /* Finance_PlannerTests.swift in Sources */,
			);
			runOnlyForDeploymentPostprocessing = 0;
		};
		E4D7B9811FD8809600C6DDE4 /* Sources */ = {
			isa = PBXSourcesBuildPhase;
			buildActionMask = 2147483647;
			files = (
				E4D7B98A1FD8809600C6DDE4 /* Finance_PlannerUITests.swift in Sources */,
			);
			runOnlyForDeploymentPostprocessing = 0;
		};
/* End PBXSourcesBuildPhase section */

/* Begin PBXTargetDependency section */
		E4D7B97C1FD8809600C6DDE4 /* PBXTargetDependency */ = {
			isa = PBXTargetDependency;
			target = E4D7B9621FD8809600C6DDE4 /* Finance Planner */;
			targetProxy = E4D7B97B1FD8809600C6DDE4 /* PBXContainerItemProxy */;
		};
		E4D7B9871FD8809600C6DDE4 /* PBXTargetDependency */ = {
			isa = PBXTargetDependency;
			target = E4D7B9621FD8809600C6DDE4 /* Finance Planner */;
			targetProxy = E4D7B9861FD8809600C6DDE4 /* PBXContainerItemProxy */;
		};
/* End PBXTargetDependency section */

/* Begin PBXVariantGroup section */
		E4D7B96A1FD8809600C6DDE4 /* Main.storyboard */ = {
			isa = PBXVariantGroup;
			children = (
				E4D7B96B1FD8809600C6DDE4 /* Base */,
			);
			name = Main.storyboard;
			sourceTree = "<group>";
		};
		E4D7B9721FD8809600C6DDE4 /* LaunchScreen.storyboard */ = {
			isa = PBXVariantGroup;
			children = (
				E4D7B9731FD8809600C6DDE4 /* Base */,
			);
			name = LaunchScreen.storyboard;
			sourceTree = "<group>";
		};
/* End PBXVariantGroup section */

/* Begin XCBuildConfiguration section */
		E4D7B98C1FD8809600C6DDE4 /* Debug */ = {
			isa = XCBuildConfiguration;
			buildSettings = {
				ALWAYS_SEARCH_USER_PATHS = NO;
				CLANG_ANALYZER_NONNULL = YES;
				CLANG_ANALYZER_NUMBER_OBJECT_CONVERSION = YES_AGGRESSIVE;
				CLANG_CXX_LANGUAGE_STANDARD = "gnu++14";
				CLANG_CXX_LIBRARY = "libc++";
				CLANG_ENABLE_MODULES = YES;
				CLANG_ENABLE_OBJC_ARC = YES;
				CLANG_WARN_BLOCK_CAPTURE_AUTORELEASING = YES;
				CLANG_WARN_BOOL_CONVERSION = YES;
				CLANG_WARN_COMMA = YES;
				CLANG_WARN_CONSTANT_CONVERSION = YES;
				CLANG_WARN_DIRECT_OBJC_ISA_USAGE = YES_ERROR;
				CLANG_WARN_DOCUMENTATION_COMMENTS = YES;
				CLANG_WARN_EMPTY_BODY = YES;
				CLANG_WARN_ENUM_CONVERSION = YES;
				CLANG_WARN_INFINITE_RECURSION = YES;
				CLANG_WARN_INT_CONVERSION = YES;
				CLANG_WARN_NON_LITERAL_NULL_CONVERSION = YES;
				CLANG_WARN_OBJC_LITERAL_CONVERSION = YES;
				CLANG_WARN_OBJC_ROOT_CLASS = YES_ERROR;
				CLANG_WARN_RANGE_LOOP_ANALYSIS = YES;
				CLANG_WARN_STRICT_PROTOTYPES = YES;
				CLANG_WARN_SUSPICIOUS_MOVE = YES;
				CLANG_WARN_UNGUARDED_AVAILABILITY = YES_AGGRESSIVE;
				CLANG_WARN_UNREACHABLE_CODE = YES;
				CLANG_WARN__DUPLICATE_METHOD_MATCH = YES;
				CODE_SIGN_IDENTITY = "iPhone Developer";
				COPY_PHASE_STRIP = NO;
				DEBUG_INFORMATION_FORMAT = dwarf;
				ENABLE_STRICT_OBJC_MSGSEND = YES;
				ENABLE_TESTABILITY = YES;
				GCC_C_LANGUAGE_STANDARD = gnu11;
				GCC_DYNAMIC_NO_PIC = NO;
				GCC_NO_COMMON_BLOCKS = YES;
				GCC_OPTIMIZATION_LEVEL = 0;
				GCC_PREPROCESSOR_DEFINITIONS = (
					"DEBUG=1",
					"$(inherited)",
				);
				GCC_WARN_64_TO_32_BIT_CONVERSION = YES;
				GCC_WARN_ABOUT_RETURN_TYPE = YES_ERROR;
				GCC_WARN_UNDECLARED_SELECTOR = YES;
				GCC_WARN_UNINITIALIZED_AUTOS = YES_AGGRESSIVE;
				GCC_WARN_UNUSED_FUNCTION = YES;
				GCC_WARN_UNUSED_VARIABLE = YES;
				IPHONEOS_DEPLOYMENT_TARGET = 11.1;
				MTL_ENABLE_DEBUG_INFO = YES;
				ONLY_ACTIVE_ARCH = YES;
				SDKROOT = iphoneos;
				SWIFT_ACTIVE_COMPILATION_CONDITIONS = DEBUG;
				SWIFT_OPTIMIZATION_LEVEL = "-Onone";
			};
			name = Debug;
		};
		E4D7B98D1FD8809600C6DDE4 /* Release */ = {
			isa = XCBuildConfiguration;
			buildSettings = {
				ALWAYS_SEARCH_USER_PATHS = NO;
				CLANG_ANALYZER_NONNULL = YES;
				CLANG_ANALYZER_NUMBER_OBJECT_CONVERSION = YES_AGGRESSIVE;
				CLANG_CXX_LANGUAGE_STANDARD = "gnu++14";
				CLANG_CXX_LIBRARY = "libc++";
				CLANG_ENABLE_MODULES = YES;
				CLANG_ENABLE_OBJC_ARC = YES;
				CLANG_WARN_BLOCK_CAPTURE_AUTORELEASING = YES;
				CLANG_WARN_BOOL_CONVERSION = YES;
				CLANG_WARN_COMMA = YES;
				CLANG_WARN_CONSTANT_CONVERSION = YES;
				CLANG_WARN_DIRECT_OBJC_ISA_USAGE = YES_ERROR;
				CLANG_WARN_DOCUMENTATION_COMMENTS = YES;
				CLANG_WARN_EMPTY_BODY = YES;
				CLANG_WARN_ENUM_CONVERSION = YES;
				CLANG_WARN_INFINITE_RECURSION = YES;
				CLANG_WARN_INT_CONVERSION = YES;
				CLANG_WARN_NON_LITERAL_NULL_CONVERSION = YES;
				CLANG_WARN_OBJC_LITERAL_CONVERSION = YES;
				CLANG_WARN_OBJC_ROOT_CLASS = YES_ERROR;
				CLANG_WARN_RANGE_LOOP_ANALYSIS = YES;
				CLANG_WARN_STRICT_PROTOTYPES = YES;
				CLANG_WARN_SUSPICIOUS_MOVE = YES;
				CLANG_WARN_UNGUARDED_AVAILABILITY = YES_AGGRESSIVE;
				CLANG_WARN_UNREACHABLE_CODE = YES;
				CLANG_WARN__DUPLICATE_METHOD_MATCH = YES;
				CODE_SIGN_IDENTITY = "iPhone Developer";
				COPY_PHASE_STRIP = NO;
				DEBUG_INFORMATION_FORMAT = "dwarf-with-dsym";
				ENABLE_NS_ASSERTIONS = NO;
				ENABLE_STRICT_OBJC_MSGSEND = YES;
				GCC_C_LANGUAGE_STANDARD = gnu11;
				GCC_NO_COMMON_BLOCKS = YES;
				GCC_WARN_64_TO_32_BIT_CONVERSION = YES;
				GCC_WARN_ABOUT_RETURN_TYPE = YES_ERROR;
				GCC_WARN_UNDECLARED_SELECTOR = YES;
				GCC_WARN_UNINITIALIZED_AUTOS = YES_AGGRESSIVE;
				GCC_WARN_UNUSED_FUNCTION = YES;
				GCC_WARN_UNUSED_VARIABLE = YES;
				IPHONEOS_DEPLOYMENT_TARGET = 11.1;
				MTL_ENABLE_DEBUG_INFO = NO;
				SDKROOT = iphoneos;
				SWIFT_OPTIMIZATION_LEVEL = "-Owholemodule";
				VALIDATE_PRODUCT = YES;
			};
			name = Release;
		};
		E4D7B98F1FD8809600C6DDE4 /* Debug */ = {
			isa = XCBuildConfiguration;
			buildSettings = {
				ASSETCATALOG_COMPILER_APPICON_NAME = AppIcon;
				CLANG_ENABLE_MODULES = YES;
				CODE_SIGN_STYLE = Automatic;
				DEVELOPMENT_TEAM = "";
				INFOPLIST_FILE = "Finance Planner/Info.plist";
				IPHONEOS_DEPLOYMENT_TARGET = 11.2;
				LD_RUNPATH_SEARCH_PATHS = "$(inherited) @executable_path/Frameworks";
				PRODUCT_BUNDLE_IDENTIFIER = "jahava.Finance-Planner";
				PRODUCT_NAME = "$(TARGET_NAME)";
				SWIFT_OBJC_BRIDGING_HEADER = "Finance Planner/Finance Planner-Bridging-Header.h";
				SWIFT_OPTIMIZATION_LEVEL = "-Onone";
				SWIFT_VERSION = 4.0;
				TARGETED_DEVICE_FAMILY = "1,2";
			};
			name = Debug;
		};
		E4D7B9901FD8809600C6DDE4 /* Release */ = {
			isa = XCBuildConfiguration;
			buildSettings = {
				ASSETCATALOG_COMPILER_APPICON_NAME = AppIcon;
				CLANG_ENABLE_MODULES = YES;
				CODE_SIGN_STYLE = Automatic;
				DEVELOPMENT_TEAM = "";
				INFOPLIST_FILE = "Finance Planner/Info.plist";
				IPHONEOS_DEPLOYMENT_TARGET = 11.2;
				LD_RUNPATH_SEARCH_PATHS = "$(inherited) @executable_path/Frameworks";
				PRODUCT_BUNDLE_IDENTIFIER = "jahava.Finance-Planner";
				PRODUCT_NAME = "$(TARGET_NAME)";
				SWIFT_OBJC_BRIDGING_HEADER = "Finance Planner/Finance Planner-Bridging-Header.h";
				SWIFT_VERSION = 4.0;
				TARGETED_DEVICE_FAMILY = "1,2";
			};
			name = Release;
		};
		E4D7B9921FD8809600C6DDE4 /* Debug */ = {
			isa = XCBuildConfiguration;
			buildSettings = {
				ALWAYS_EMBED_SWIFT_STANDARD_LIBRARIES = YES;
				BUNDLE_LOADER = "$(TEST_HOST)";
				CODE_SIGN_STYLE = Automatic;
				INFOPLIST_FILE = "Finance PlannerTests/Info.plist";
				LD_RUNPATH_SEARCH_PATHS = "$(inherited) @executable_path/Frameworks @loader_path/Frameworks";
				PRODUCT_BUNDLE_IDENTIFIER = "jahava.Finance-PlannerTests";
				PRODUCT_NAME = "$(TARGET_NAME)";
				SWIFT_VERSION = 4.0;
				TARGETED_DEVICE_FAMILY = "1,2";
				TEST_HOST = "$(BUILT_PRODUCTS_DIR)/Finance Planner.app/Finance Planner";
			};
			name = Debug;
		};
		E4D7B9931FD8809600C6DDE4 /* Release */ = {
			isa = XCBuildConfiguration;
			buildSettings = {
				ALWAYS_EMBED_SWIFT_STANDARD_LIBRARIES = YES;
				BUNDLE_LOADER = "$(TEST_HOST)";
				CODE_SIGN_STYLE = Automatic;
				INFOPLIST_FILE = "Finance PlannerTests/Info.plist";
				LD_RUNPATH_SEARCH_PATHS = "$(inherited) @executable_path/Frameworks @loader_path/Frameworks";
				PRODUCT_BUNDLE_IDENTIFIER = "jahava.Finance-PlannerTests";
				PRODUCT_NAME = "$(TARGET_NAME)";
				SWIFT_VERSION = 4.0;
				TARGETED_DEVICE_FAMILY = "1,2";
				TEST_HOST = "$(BUILT_PRODUCTS_DIR)/Finance Planner.app/Finance Planner";
			};
			name = Release;
		};
		E4D7B9951FD8809600C6DDE4 /* Debug */ = {
			isa = XCBuildConfiguration;
			buildSettings = {
				ALWAYS_EMBED_SWIFT_STANDARD_LIBRARIES = YES;
				CODE_SIGN_STYLE = Automatic;
				INFOPLIST_FILE = "Finance PlannerUITests/Info.plist";
				LD_RUNPATH_SEARCH_PATHS = "$(inherited) @executable_path/Frameworks @loader_path/Frameworks";
				PRODUCT_BUNDLE_IDENTIFIER = "jahava.Finance-PlannerUITests";
				PRODUCT_NAME = "$(TARGET_NAME)";
				SWIFT_VERSION = 4.0;
				TARGETED_DEVICE_FAMILY = "1,2";
				TEST_TARGET_NAME = "Finance Planner";
			};
			name = Debug;
		};
		E4D7B9961FD8809600C6DDE4 /* Release */ = {
			isa = XCBuildConfiguration;
			buildSettings = {
				ALWAYS_EMBED_SWIFT_STANDARD_LIBRARIES = YES;
				CODE_SIGN_STYLE = Automatic;
				INFOPLIST_FILE = "Finance PlannerUITests/Info.plist";
				LD_RUNPATH_SEARCH_PATHS = "$(inherited) @executable_path/Frameworks @loader_path/Frameworks";
				PRODUCT_BUNDLE_IDENTIFIER = "jahava.Finance-PlannerUITests";
				PRODUCT_NAME = "$(TARGET_NAME)";
				SWIFT_VERSION = 4.0;
				TARGETED_DEVICE_FAMILY = "1,2";
				TEST_TARGET_NAME = "Finance Planner";
			};
			name = Release;
		};
/* End XCBuildConfiguration section */

/* Begin XCConfigurationList section */
		E4D7B95E1FD8809600C6DDE4 /* Build configuration list for PBXProject "Finance Planner" */ = {
			isa = XCConfigurationList;
			buildConfigurations = (
				E4D7B98C1FD8809600C6DDE4 /* Debug */,
				E4D7B98D1FD8809600C6DDE4 /* Release */,
			);
			defaultConfigurationIsVisible = 0;
			defaultConfigurationName = Release;
		};
		E4D7B98E1FD8809600C6DDE4 /* Build configuration list for PBXNativeTarget "Finance Planner" */ = {
			isa = XCConfigurationList;
			buildConfigurations = (
				E4D7B98F1FD8809600C6DDE4 /* Debug */,
				E4D7B9901FD8809600C6DDE4 /* Release */,
			);
			defaultConfigurationIsVisible = 0;
			defaultConfigurationName = Release;
		};
		E4D7B9911FD8809600C6DDE4 /* Build configuration list for PBXNativeTarget "Finance PlannerTests" */ = {
			isa = XCConfigurationList;
			buildConfigurations = (
				E4D7B9921FD8809600C6DDE4 /* Debug */,
				E4D7B9931FD8809600C6DDE4 /* Release */,
			);
			defaultConfigurationIsVisible = 0;
			defaultConfigurationName = Release;
		};
		E4D7B9941FD8809600C6DDE4 /* Build configuration list for PBXNativeTarget "Finance PlannerUITests" */ = {
			isa = XCConfigurationList;
			buildConfigurations = (
				E4D7B9951FD8809600C6DDE4 /* Debug */,
				E4D7B9961FD8809600C6DDE4 /* Release */,
			);
			defaultConfigurationIsVisible = 0;
			defaultConfigurationName = Release;
		};
/* End XCConfigurationList section */

/* Begin XCVersionGroup section */
		E4D7B96D1FD8809600C6DDE4 /* Finance_Planner.xcdatamodeld */ = {
			isa = XCVersionGroup;
			children = (
				E4D7B96E1FD8809600C6DDE4 /* Finance_Planner.xcdatamodel */,
			);
			currentVersion = E4D7B96E1FD8809600C6DDE4 /* Finance_Planner.xcdatamodel */;
			path = Finance_Planner.xcdatamodeld;
			sourceTree = "<group>";
			versionGroupType = wrapper.xcdatamodel;
		};
/* End XCVersionGroup section */
	};
	rootObject = E4D7B95B1FD8809600C6DDE4 /* Project object */;
}
